
Microsoft Visual Studio Solution File, Format Version 12.00
# Visual Studio 15
VisualStudioVersion = 15.0.28307.852
MinimumVisualStudioVersion = 10.0.40219.1
Project("{9A19103F-16F7-4668-BE54-9A1E7A4F7556}") = "VollopRooster", "VollopRooster\VollopRooster.csproj", "{5B7079DB-4ECB-42CC-9B6C-AE6F721C937A}"
EndProject
Project("{9A19103F-16F7-4668-BE54-9A1E7A4F7556}") = "DAL", "DAL\DAL.csproj", "{520E2AD7-0D63-4D43-9F45-D1F80AFC5020}"
EndProject
Global
	GlobalSection(SolutionConfigurationPlatforms) = preSolution
		Debug|Any CPU = Debug|Any CPU
		Release|Any CPU = Release|Any CPU
	EndGlobalSection
	GlobalSection(ProjectConfigurationPlatforms) = postSolution
		{5B7079DB-4ECB-42CC-9B6C-AE6F721C937A}.Debug|Any CPU.ActiveCfg = Debug|Any CPU
		{5B7079DB-4ECB-42CC-9B6C-AE6F721C937A}.Debug|Any CPU.Build.0 = Debug|Any CPU
		{5B7079DB-4ECB-42CC-9B6C-AE6F721C937A}.Release|Any CPU.ActiveCfg = Release|Any CPU
		{5B7079DB-4ECB-42CC-9B6C-AE6F721C937A}.Release|Any CPU.Build.0 = Release|Any CPU
		{520E2AD7-0D63-4D43-9F45-D1F80AFC5020}.Debug|Any CPU.ActiveCfg = Debug|Any CPU
		{520E2AD7-0D63-4D43-9F45-D1F80AFC5020}.Debug|Any CPU.Build.0 = Debug|Any CPU
		{520E2AD7-0D63-4D43-9F45-D1F80AFC5020}.Release|Any CPU.ActiveCfg = Release|Any CPU
		{520E2AD7-0D63-4D43-9F45-D1F80AFC5020}.Release|Any CPU.Build.0 = Release|Any CPU
	EndGlobalSection
	GlobalSection(SolutionProperties) = preSolution
		HideSolutionNode = FALSE
	EndGlobalSection
	GlobalSection(ExtensibilityGlobals) = postSolution
		SolutionGuid = {D29B4ECC-DA43-4821-B92A-3C444F083B86}
	EndGlobalSection
EndGlobal
